Microsoft Visual Studio Solution File, Format Version 12.00
# Visual Studio 2012
VisualStudioVersion = 12.0.0.0
MinimumVisualStudioVersion = 10.0.0.1
Project("{FAE04EC0-301F-11D3-BF4B-00C04F79EFBC}") = "com.ultracart.admin.v2", "src\com.ultracart.admin.v2\com.ultracart.admin.v2.csproj", "{64002544-30A4-4BBB-B8DB-A7E9039F9E56}"
EndProject
Global
	GlobalSection(SolutionConfigurationPlatforms) = preSolution
		Debug|Any CPU = Debug|Any CPU
		Release|Any CPU = Release|Any CPU
	EndGlobalSection
	GlobalSection(ProjectConfigurationPlatforms) = postSolution
		{64002544-30A4-4BBB-B8DB-A7E9039F9E56}.Debug|Any CPU.ActiveCfg = Debug|Any CPU
		{64002544-30A4-4BBB-B8DB-A7E9039F9E56}.Debug|Any CPU.Build.0 = Debug|Any CPU
		{64002544-30A4-4BBB-B8DB-A7E9039F9E56}.Release|Any CPU.ActiveCfg = Release|Any CPU
		{64002544-30A4-4BBB-B8DB-A7E9039F9E56}.Release|Any CPU.Build.0 = Release|Any CPU
		{19F1DEBC-DE5E-4517-8062-F000CD499087}.Debug|Any CPU.ActiveCfg = Debug|Any CPU
		{19F1DEBC-DE5E-4517-8062-F000CD499087}.Debug|Any CPU.Build.0 = Debug|Any CPU
		{19F1DEBC-DE5E-4517-8062-F000CD499087}.Release|Any CPU.ActiveCfg = Release|Any CPU
		{19F1DEBC-DE5E-4517-8062-F000CD499087}.Release|Any CPU.Build.0 = Release|Any CPU
	EndGlobalSection
	GlobalSection(SolutionProperties) = preSolution
		HideSolutionNode = FALSE
	EndGlobalSection
EndGlobal